
Microsoft Visual Studio Solution File, Format Version 12.00
# Visual Studio Version 16
VisualStudioVersion = 16.0.30711.63
MinimumVisualStudioVersion = 10.0.40219.1
Project("{FAE04EC0-301F-11D3-BF4B-00C04F79EFBC}") = "PaymentAPI", "PaymentAPI\PaymentAPI.csproj", "{8911788F-BA0D-45C6-8CBD-FBD2CA9B6909}"
EndProject
Global
	GlobalSection(SolutionConfigurationPlatforms) = preSolution
		Debug|Any CPU = Debug|Any CPU
		Release|Any CPU = Release|Any CPU
	EndGlobalSection
	GlobalSection(ProjectConfigurationPlatforms) = postSolution
		{8911788F-BA0D-45C6-8CBD-FBD2CA9B6909}.Debug|Any CPU.ActiveCfg = Debug|Any CPU
		{8911788F-BA0D-45C6-8CBD-FBD2CA9B6909}.Debug|Any CPU.Build.0 = Debug|Any CPU
		{8911788F-BA0D-45C6-8CBD-FBD2CA9B6909}.Release|Any CPU.ActiveCfg = Release|Any CPU
		{8911788F-BA0D-45C6-8CBD-FBD2CA9B6909}.Release|Any CPU.Build.0 = Release|Any CPU
	EndGlobalSection
	GlobalSection(SolutionProperties) = preSolution
		HideSolutionNode = FALSE
	EndGlobalSection
	GlobalSection(ExtensibilityGlobals) = postSolution
		SolutionGuid = {F872ECF5-4729-4086-9537-0F3FBCAC3579}
	EndGlobalSection
EndGlobal
